{
  "lockfileVersion": 1,
  "configVersion": 1,
  "workspaces": {
    "": {
      "name": "dow-sga-browser",
      "dependencies": {
        "three": "0.160.0",
      },
    },
  },
  "packages": {
    "three": ["three@0.160.0", "", {}, "sha512-DLU8lc0zNIPkM7rH5/e1Ks1Z8tWCGRq6g8mPowdDJpw1CFBJMU7UoJjC6PefXW7z//SSl0b2+GCw14LB+uDhng=="],
  }
}
